
Microsoft Visual Studio Solution File, Format Version 12.00
# Visual Studio Version 16
VisualStudioVersion = 16.0.31205.134
MinimumVisualStudioVersion = 10.0.40219.1
Project("{8BC9CEB8-8B4A-11D0-8D11-00A0C91BC942}") = "MonthlyExpenses", "MonthlyExpenses\MonthlyExpenses.vcxproj", "{0325EB0C-BFAA-495C-A23D-761E2A68005B}"
EndProject
Global
	GlobalSection(SolutionConfigurationPlatforms) = preSolution
		Debug|x64 = Debug|x64
		Debug|x86 = Debug|x86
		Release|x64 = Release|x64
		Release|x86 = Release|x86
	EndGlobalSection
	GlobalSection(ProjectConfigurationPlatforms) = postSolution
		{0325EB0C-BFAA-495C-A23D-761E2A68005B}.Debug|x64.ActiveCfg = Debug|x64
		{0325EB0C-BFAA-495C-A23D-761E2A68005B}.Debug|x64.Build.0 = Debug|x64
		{0325EB0C-BFAA-495C-A23D-761E2A68005B}.Debug|x86.ActiveCfg = Debug|Win32
		{0325EB0C-BFAA-495C-A23D-761E2A68005B}.Debug|x86.Build.0 = Debug|Win32
		{0325EB0C-BFAA-495C-A23D-761E2A68005B}.Release|x64.ActiveCfg = Release|x64
		{0325EB0C-BFAA-495C-A23D-761E2A68005B}.Release|x64.Build.0 = Release|x64
		{0325EB0C-BFAA-495C-A23D-761E2A68005B}.Release|x86.ActiveCfg = Release|Win32
		{0325EB0C-BFAA-495C-A23D-761E2A68005B}.Release|x86.Build.0 = Release|Win32
	EndGlobalSection
	GlobalSection(SolutionProperties) = preSolution
		HideSolutionNode = FALSE
	EndGlobalSection
	GlobalSection(ExtensibilityGlobals) = postSolution
		SolutionGuid = {41889682-11A3-4A45-8E9C-D78DBF3B2259}
	EndGlobalSection
EndGlobal
